
Microsoft Visual Studio Solution File, Format Version 12.00
# Visual Studio Version 17
VisualStudioVersion = 17.5.001.0
MinimumVisualStudioVersion = 10.0.40219.1
Project("{9A19103F-16F7-4668-BE54-9A1E7A4F7556}") = "cubemeter-api", "cubemeter-api.csproj", "{B6808937-6CAD-4C54-8316-5A93369C49F8}"
EndProject
Global
	GlobalSection(SolutionConfigurationPlatforms) = preSolution
		Debug|Any CPU = Debug|Any CPU
		Release|Any CPU = Release|Any CPU
	EndGlobalSection
	GlobalSection(ProjectConfigurationPlatforms) = postSolution
		{B6808937-6CAD-4C54-8316-5A93369C49F8}.Debug|Any CPU.ActiveCfg = Debug|Any CPU
		{B6808937-6CAD-4C54-8316-5A93369C49F8}.Debug|Any CPU.Build.0 = Debug|Any CPU
		{B6808937-6CAD-4C54-8316-5A93369C49F8}.Release|Any CPU.ActiveCfg = Release|Any CPU
		{B6808937-6CAD-4C54-8316-5A93369C49F8}.Release|Any CPU.Build.0 = Release|Any CPU
	EndGlobalSection
	GlobalSection(SolutionProperties) = preSolution
		HideSolutionNode = FALSE
	EndGlobalSection
	GlobalSection(ExtensibilityGlobals) = postSolution
		SolutionGuid = {46AF5B35-DAFB-4E12-A19C-F9B5392B59CE}
	EndGlobalSection
EndGlobal
